
Microsoft Visual Studio Solution File, Format Version 12.00
# Visual Studio Version 17
VisualStudioVersion = 17.14.36414.22
MinimumVisualStudioVersion = 10.0.40219.1
Project("{FAE04EC0-301F-11D3-BF4B-00C04F79EFBC}") = "NUnitDemonstration", "NUnitDemonstration\NUnitDemonstration.csproj", "{4AB142D3-4A53-48E3-AEE0-9ACB63A6D4B5}"
EndProject
Project("{FAE04EC0-301F-11D3-BF4B-00C04F79EFBC}") = "TriangleTest", "TriangleTest\TriangleTest.csproj", "{4A4DA3ED-8A01-48D3-8977-03D6A032A7DD}"
EndProject
Global
	GlobalSection(SolutionConfigurationPlatforms) = preSolution
		Debug|Any CPU = Debug|Any CPU
		Release|Any CPU = Release|Any CPU
	EndGlobalSection
	GlobalSection(ProjectConfigurationPlatforms) = postSolution
		{4AB142D3-4A53-48E3-AEE0-9ACB63A6D4B5}.Debug|Any CPU.ActiveCfg = Debug|Any CPU
		{4AB142D3-4A53-48E3-AEE0-9ACB63A6D4B5}.Debug|Any CPU.Build.0 = Debug|Any CPU
		{4AB142D3-4A53-48E3-AEE0-9ACB63A6D4B5}.Release|Any CPU.ActiveCfg = Release|Any CPU
		{4AB142D3-4A53-48E3-AEE0-9ACB63A6D4B5}.Release|Any CPU.Build.0 = Release|Any CPU
		{4A4DA3ED-8A01-48D3-8977-03D6A032A7DD}.Debug|Any CPU.ActiveCfg = Debug|Any CPU
		{4A4DA3ED-8A01-48D3-8977-03D6A032A7DD}.Debug|Any CPU.Build.0 = Debug|Any CPU
		{4A4DA3ED-8A01-48D3-8977-03D6A032A7DD}.Release|Any CPU.ActiveCfg = Release|Any CPU
		{4A4DA3ED-8A01-48D3-8977-03D6A032A7DD}.Release|Any CPU.Build.0 = Release|Any CPU
	EndGlobalSection
	GlobalSection(SolutionProperties) = preSolution
		HideSolutionNode = FALSE
	EndGlobalSection
	GlobalSection(ExtensibilityGlobals) = postSolution
		SolutionGuid = {C5B4A289-CB32-44FB-A2CC-E7093BDFAF15}
	EndGlobalSection
EndGlobal
